
Microsoft Visual Studio Solution File, Format Version 12.00
# Visual Studio Version 16
VisualStudioVersion = 16.0.29613.14
MinimumVisualStudioVersion = 10.0.40219.1
Project("{9A19103F-16F7-4668-BE54-9A1E7A4F7556}") = "PSXPackager", "PSXPackager\PSXPackager.csproj", "{782E9EB1-BE0D-411E-82EA-CB3A2860945C}"
EndProject
Project("{9A19103F-16F7-4668-BE54-9A1E7A4F7556}") = "Popstation", "Popstation\Popstation.csproj", "{28756239-6D08-4ED2-80FF-7F389858C782}"
EndProject
Project("{9A19103F-16F7-4668-BE54-9A1E7A4F7556}") = "DiscUtils.Core", "DiscUtils.Core\DiscUtils.Core.csproj", "{2BD61FA3-0515-430C-913C-3664DDB7DF3C}"
EndProject
Project("{9A19103F-16F7-4668-BE54-9A1E7A4F7556}") = "DiscUtils.Iso9660", "DiscUtils.Iso9660\DiscUtils.Iso9660.csproj", "{42E4E53C-4500-4EAD-8296-301C3A479EE2}"
EndProject
Project("{9A19103F-16F7-4668-BE54-9A1E7A4F7556}") = "DiscUtils.Streams", "DiscUtils.Streams\DiscUtils.Streams.csproj", "{C76270B7-9FF7-400C-9A0C-D6A910C2B21D}"
EndProject
Global
	GlobalSection(SolutionConfigurationPlatforms) = preSolution
		Debug|Any CPU = Debug|Any CPU
		Release|Any CPU = Release|Any CPU
	EndGlobalSection
	GlobalSection(ProjectConfigurationPlatforms) = postSolution
		{782E9EB1-BE0D-411E-82EA-CB3A2860945C}.Debug|Any CPU.ActiveCfg = Debug|Any CPU
		{782E9EB1-BE0D-411E-82EA-CB3A2860945C}.Debug|Any CPU.Build.0 = Debug|Any CPU
		{782E9EB1-BE0D-411E-82EA-CB3A2860945C}.Release|Any CPU.ActiveCfg = Release|Any CPU
		{782E9EB1-BE0D-411E-82EA-CB3A2860945C}.Release|Any CPU.Build.0 = Release|Any CPU
		{28756239-6D08-4ED2-80FF-7F389858C782}.Debug|Any CPU.ActiveCfg = Debug|Any CPU
		{28756239-6D08-4ED2-80FF-7F389858C782}.Debug|Any CPU.Build.0 = Debug|Any CPU
		{28756239-6D08-4ED2-80FF-7F389858C782}.Release|Any CPU.ActiveCfg = Release|Any CPU
		{28756239-6D08-4ED2-80FF-7F389858C782}.Release|Any CPU.Build.0 = Release|Any CPU
		{2BD61FA3-0515-430C-913C-3664DDB7DF3C}.Debug|Any CPU.ActiveCfg = Debug|Any CPU
		{2BD61FA3-0515-430C-913C-3664DDB7DF3C}.Debug|Any CPU.Build.0 = Debug|Any CPU
		{2BD61FA3-0515-430C-913C-3664DDB7DF3C}.Release|Any CPU.ActiveCfg = Release|Any CPU
		{2BD61FA3-0515-430C-913C-3664DDB7DF3C}.Release|Any CPU.Build.0 = Release|Any CPU
		{42E4E53C-4500-4EAD-8296-301C3A479EE2}.Debug|Any CPU.ActiveCfg = Debug|Any CPU
		{42E4E53C-4500-4EAD-8296-301C3A479EE2}.Debug|Any CPU.Build.0 = Debug|Any CPU
		{42E4E53C-4500-4EAD-8296-301C3A479EE2}.Release|Any CPU.ActiveCfg = Release|Any CPU
		{42E4E53C-4500-4EAD-8296-301C3A479EE2}.Release|Any CPU.Build.0 = Release|Any CPU
		{C76270B7-9FF7-400C-9A0C-D6A910C2B21D}.Debug|Any CPU.ActiveCfg = Debug|Any CPU
		{C76270B7-9FF7-400C-9A0C-D6A910C2B21D}.Debug|Any CPU.Build.0 = Debug|Any CPU
		{C76270B7-9FF7-400C-9A0C-D6A910C2B21D}.Release|Any CPU.ActiveCfg = Release|Any CPU
		{C76270B7-9FF7-400C-9A0C-D6A910C2B21D}.Release|Any CPU.Build.0 = Release|Any CPU
	EndGlobalSection
	GlobalSection(SolutionProperties) = preSolution
		HideSolutionNode = FALSE
	EndGlobalSection
	GlobalSection(ExtensibilityGlobals) = postSolution
		SolutionGuid = {BB557272-E7EF-465C-8FA7-C5AAC892BD27}
	EndGlobalSection
EndGlobal
